
Microsoft Visual Studio Solution File, Format Version 12.00
# Visual Studio Version 17
VisualStudioVersion = 17.11.35208.52
MinimumVisualStudioVersion = 10.0.40219.1
Project("{FAE04EC0-301F-11D3-BF4B-00C04F79EFBC}") = "Recorder", "Recorder\Recorder.csproj", "{4DDA7E52-C7C4-4444-A406-8E7075DF764A}"
EndProject
Global
	GlobalSection(SolutionConfigurationPlatforms) = preSolution
		Debug|Any CPU = Debug|Any CPU
		Release|Any CPU = Release|Any CPU
	EndGlobalSection
	GlobalSection(ProjectConfigurationPlatforms) = postSolution
		{4DDA7E52-C7C4-4444-A406-8E7075DF764A}.Debug|Any CPU.ActiveCfg = Debug|Any CPU
		{4DDA7E52-C7C4-4444-A406-8E7075DF764A}.Debug|Any CPU.Build.0 = Debug|Any CPU
		{4DDA7E52-C7C4-4444-A406-8E7075DF764A}.Debug|Any CPU.Deploy.0 = Debug|Any CPU
		{4DDA7E52-C7C4-4444-A406-8E7075DF764A}.Release|Any CPU.ActiveCfg = Release|Any CPU
		{4DDA7E52-C7C4-4444-A406-8E7075DF764A}.Release|Any CPU.Build.0 = Release|Any CPU
		{4DDA7E52-C7C4-4444-A406-8E7075DF764A}.Release|Any CPU.Deploy.0 = Release|Any CPU
	EndGlobalSection
	GlobalSection(SolutionProperties) = preSolution
		HideSolutionNode = FALSE
	EndGlobalSection
	GlobalSection(ExtensibilityGlobals) = postSolution
		SolutionGuid = {EA73C9FD-EFC6-4AC3-A5F5-1BB24F1540A9}
	EndGlobalSection
EndGlobal
